
Microsoft Visual Studio Solution File, Format Version 11.00
# Visual Studio 2010
Project("{FAE04EC0-301F-11D3-BF4B-00C04F79EFBC}") = "UAV", "Assembly-CSharp-firstpass.csproj", "{D61D8A7D-48B9-3248-2DC0-6C180138E6EF}"
EndProject
Project("{FAE04EC0-301F-11D3-BF4B-00C04F79EFBC}") = "UAV", "Assembly-CSharp-Editor-firstpass.csproj", "{79E3BACE-0C96-66ED-B1D3-AA09A027FB19}"
EndProject
Global
	GlobalSection(SolutionConfigurationPlatforms) = preSolution
		Debug|Any CPU = Debug|Any CPU
		Release|Any CPU = Release|Any CPU
	EndGlobalSection
	GlobalSection(ProjectConfigurationPlatforms) = postSolution
		{D61D8A7D-48B9-3248-2DC0-6C180138E6EF}.Debug|Any CPU.ActiveCfg = Debug|Any CPU
		{D61D8A7D-48B9-3248-2DC0-6C180138E6EF}.Debug|Any CPU.Build.0 = Debug|Any CPU
		{D61D8A7D-48B9-3248-2DC0-6C180138E6EF}.Release|Any CPU.ActiveCfg = Release|Any CPU
		{D61D8A7D-48B9-3248-2DC0-6C180138E6EF}.Release|Any CPU.Build.0 = Release|Any CPU
		{79E3BACE-0C96-66ED-B1D3-AA09A027FB19}.Debug|Any CPU.ActiveCfg = Debug|Any CPU
		{79E3BACE-0C96-66ED-B1D3-AA09A027FB19}.Debug|Any CPU.Build.0 = Debug|Any CPU
		{79E3BACE-0C96-66ED-B1D3-AA09A027FB19}.Release|Any CPU.ActiveCfg = Release|Any CPU
		{79E3BACE-0C96-66ED-B1D3-AA09A027FB19}.Release|Any CPU.Build.0 = Release|Any CPU
	EndGlobalSection
	GlobalSection(SolutionProperties) = preSolution
		HideSolutionNode = FALSE
	EndGlobalSection
	GlobalSection(MonoDevelopProperties) = preSolution
		StartupItem = Assembly-CSharp.csproj
	EndGlobalSection
EndGlobal
